# THIS IS AN AUTOGENERATED FILE. DO NOT EDIT THIS FILE DIRECTLY.
# yarn lockfile v1


"@tanstack/query-core@5.80.7":
  version "5.80.7"
  resolved "https://registry.yarnpkg.com/@tanstack/query-core/-/query-core-5.80.7.tgz#e029b26cad02fc5fe64116ac245aad0c3e5f83b4"
  integrity sha512-s09l5zeUKC8q7DCCCIkVSns8zZrK4ZDT6ryEjxNBFi68G4z2EBobBS7rdOY3r6W1WbUDpc1fe5oY+YO/+2UVUg==

"@tanstack/react-query@^5.80.7":
  version "5.80.7"
  resolved "https://registry.yarnpkg.com/@tanstack/react-query/-/react-query-5.80.7.tgz#664f62f42d9ae892c07543fc64f53898aad57afa"
  integrity sha512-u2F0VK6+anItoEvB3+rfvTO9GEh2vb00Je05OwlUe/A0lkJBgW1HckiY3f9YZa+jx6IOe4dHPh10dyp9aY3iRQ==
  dependencies:
    "@tanstack/query-core" "5.80.7"
